{
    "_meta": {
        "hash": {
            "sha256": "2f051fca8cf1a051a1c1c6fa386718d18500d5fb1fa7ee3048db34272c8393af"
        },
        "pipfile-spec": 6,
        "requires": {
            "python_version": "3.7"
        },
        "sources": [
            {
                "name": "pypi",
                "url": "https://pypi.org/simple",
                "verify_ssl": true
            }
        ]
    },
    "default": {
        "django-bootstrap4": {
            "hashes": [
                "sha256:6db4a27b33851833e68b96344f9df063150dcace8d4787ebfc21eceb55196945"
            ],
            "index": "pypi",
            "version": "==0.0.6"
        }
    },
    "develop": {}
}
